// !$*UTF8*$!
{
	archiveVersion = 1;
	classes = {
	};
	objectVersion = 46;
	objects = {

/* Begin PBXBuildFile section */
		2B62DD5E16E7F0BC001F52FC /* UIKit.framework in Frameworks */ = {isa = PBXBuildFile; fileRef = 2B62DD5D16E7F0BC001F52FC /* UIKit.framework */; };
		2B62DD6016E7F0BC001F52FC /* Foundation.framework in Frameworks */ = {isa = PBXBuildFile; fileRef = 2B62DD5F16E7F0BC001F52FC /* Foundation.framework */; };
		2B62DD6216E7F0BC001F52FC /* CoreGraphics.framework in Frameworks */ = {isa = PBXBuildFile; fileRef = 2B62DD6116E7F0BC001F52FC /* CoreGraphics.framework */; };
		2B8218CD176FCB7C0012322A /* CoreLocation.framework in Frameworks */ = {isa = PBXBuildFile; fileRef = 2B8218CC176FCB7C0012322A /* CoreLocation.framework */; };
		D004F0BB181ED92600BD941A /* MXDetailsPageViewController.m in Sources */ = {isa = PBXBuildFile; fileRef = D004F0BA181ED92600BD941A /* MXDetailsPageViewController.m */; };
		D0096A871822D972006D5FD6 /* QuartzCore.framework in Frameworks */ = {isa = PBXBuildFile; fileRef = 2B62DDB316E7F4FD001F52FC /* QuartzCore.framework */; };
		D0096A991822E26F006D5FD6 /* libWhirlyGlobe-MaplyComponent.a in Frameworks */ = {isa = PBXBuildFile; fileRef = D0096A8E1822D9A3006D5FD6 /* libWhirlyGlobe-MaplyComponent.a */; };
		D0096A9B1822E27F006D5FD6 /* libsqlite3.dylib in Frameworks */ = {isa = PBXBuildFile; fileRef = D0096A9A1822E27F006D5FD6 /* libsqlite3.dylib */; };
		D0096A9D1822E28C006D5FD6 /* OpenGLES.framework in Frameworks */ = {isa = PBXBuildFile; fileRef = D0096A9C1822E28C006D5FD6 /* OpenGLES.framework */; };
		D0096A9F1822E29E006D5FD6 /* libstdc++.dylib in Frameworks */ = {isa = PBXBuildFile; fileRef = D0096A9E1822E29E006D5FD6 /* libstdc++.dylib */; };
		D0096AB71822ED7C006D5FD6 /* CoreText.framework in Frameworks */ = {isa = PBXBuildFile; fileRef = D0096AB61822ED7C006D5FD6 /* CoreText.framework */; };
		D0096AB91822EDA7006D5FD6 /* libc++.dylib in Frameworks */ = {isa = PBXBuildFile; fileRef = D0096AB81822EDA7006D5FD6 /* libc++.dylib */; };
		D0096AC81822FC32006D5FD6 /* ne_110m_land.dbf in Resources */ = {isa = PBXBuildFile; fileRef = D0096AC41822FC32006D5FD6 /* ne_110m_land.dbf */; };
		D0096AC91822FC32006D5FD6 /* ne_110m_land.prj in Resources */ = {isa = PBXBuildFile; fileRef = D0096AC51822FC32006D5FD6 /* ne_110m_land.prj */; };
		D0096ACA1822FC32006D5FD6 /* ne_110m_land.shp in Resources */ = {isa = PBXBuildFile; fileRef = D0096AC61822FC32006D5FD6 /* ne_110m_land.shp */; };
		D0096ACB1822FC32006D5FD6 /* ne_110m_land.shx in Resources */ = {isa = PBXBuildFile; fileRef = D0096AC71822FC32006D5FD6 /* ne_110m_land.shx */; };
		D0096AD9182318B1006D5FD6 /* MXGlobeViewController.m in Sources */ = {isa = PBXBuildFile; fileRef = D0096AD8182318B1006D5FD6 /* MXGlobeViewController.m */; };
		D00B967517F9CB250054E66F /* MXStationDatabase.m in Sources */ = {isa = PBXBuildFile; fileRef = D00B967217F9CB250054E66F /* MXStationDatabase.m */; };
		D00B967617F9CB250054E66F /* XTideConnector.mm in Sources */ = {isa = PBXBuildFile; fileRef = D00B967417F9CB250054E66F /* XTideConnector.mm */; };
		D00B967B17F9CB3F0054E66F /* MXStation.m in Sources */ = {isa = PBXBuildFile; fileRef = D00B967817F9CB3F0054E66F /* MXStation.m */; };
		D00B968817F9CB9F0054E66F /* MXStationTableViewCell.m in Sources */ = {isa = PBXBuildFile; fileRef = D00B968717F9CB9F0054E66F /* MXStationTableViewCell.m */; };
		D00B968C17F9CBF50054E66F /* main.m in Sources */ = {isa = PBXBuildFile; fileRef = D00B968B17F9CBF50054E66F /* main.m */; };
		D01CEEB017F0AEAE0008431C /* AppDelegate.m in Sources */ = {isa = PBXBuildFile; fileRef = D01CEEAF17F0AEAE0008431C /* AppDelegate.m */; };
		D01CEEB217F0AFB80008431C /* Images.xcassets in Resources */ = {isa = PBXBuildFile; fileRef = D01CEEB117F0AFB80008431C /* Images.xcassets */; };
		D0266F3C17FE31E3002E7982 /* MXStartViewController.m in Sources */ = {isa = PBXBuildFile; fileRef = D0266F3B17FE31E3002E7982 /* MXStartViewController.m */; };
		D0266F4217FE67EC002E7982 /* MXDetailsViewController.m in Sources */ = {isa = PBXBuildFile; fileRef = D0266F4117FE67EC002E7982 /* MXDetailsViewController.m */; };
		D03224101821C02A002D1B53 /* libTestFlight.a in Frameworks */ = {isa = PBXBuildFile; fileRef = D032240A1821C02A002D1B53 /* libTestFlight.a */; };
		D03224131821C14A002D1B53 /* libz.dylib in Frameworks */ = {isa = PBXBuildFile; fileRef = 2BC989E117DC28350071DA9E /* libz.dylib */; };
		D088551B17F114EE00B4C6D5 /* harmonics-dwf-20121224-free.tcd in Resources */ = {isa = PBXBuildFile; fileRef = D088551A17F114EE00B4C6D5 /* harmonics-dwf-20121224-free.tcd */; };
		D08960941801E0B900AB99C7 /* UIImage+Rotate.m in Sources */ = {isa = PBXBuildFile; fileRef = D08960931801E0B900AB99C7 /* UIImage+Rotate.m */; };
		D0A6E9991821E6F5003F0068 /* MXMapViewController.m in Sources */ = {isa = PBXBuildFile; fileRef = D0A6E9981821E6F5003F0068 /* MXMapViewController.m */; };
		D0BD8ABC1820616F004F6A54 /* MXAboutViewController.m in Sources */ = {isa = PBXBuildFile; fileRef = D0BD8ABB1820616F004F6A54 /* MXAboutViewController.m */; };
		D0CEA18817FCF76F0061E664 /* IPhone.storyboard in Resources */ = {isa = PBXBuildFile; fileRef = D0CEA18717FCF76F0061E664 /* IPhone.storyboard */; };
		D0CEA1DA17FE30340061E664 /* MXStationTableViewController.m in Sources */ = {isa = PBXBuildFile; fileRef = D0CEA1D917FE30340061E664 /* MXStationTableViewController.m */; };
		D0E345BE17F1099400872028 /* bit_pack.c in Sources */ = {isa = PBXBuildFile; fileRef = D0E3456517F1092A00872028 /* bit_pack.c */; };
		D0E345BF17F1099700872028 /* tide_db.c in Sources */ = {isa = PBXBuildFile; fileRef = D0E3456717F1092A00872028 /* tide_db.c */; };
		D0E345C017F109DF00872028 /* Amplitude.cc in Sources */ = {isa = PBXBuildFile; fileRef = D0E3456B17F1093B00872028 /* Amplitude.cc */; };
		D0E345C117F109DF00872028 /* Angle.cc in Sources */ = {isa = PBXBuildFile; fileRef = D0E3456D17F1093B00872028 /* Angle.cc */; };
		D0E345C217F109DF00872028 /* Colors.cc in Sources */ = {isa = PBXBuildFile; fileRef = D0E3457017F1093B00872028 /* Colors.cc */; };
		D0E345C317F109DF00872028 /* Constituent.cc in Sources */ = {isa = PBXBuildFile; fileRef = D0E3457517F1093B00872028 /* Constituent.cc */; };
		D0E345C417F109DF00872028 /* ConstituentSet.cc in Sources */ = {isa = PBXBuildFile; fileRef = D0E3457717F1093B00872028 /* ConstituentSet.cc */; };
		D0E345C517F109DF00872028 /* Coordinates.cc in Sources */ = {isa = PBXBuildFile; fileRef = D0E3457917F1093B00872028 /* Coordinates.cc */; };
		D0E345C617F109DF00872028 /* CurrentBearing.cc in Sources */ = {isa = PBXBuildFile; fileRef = D0E3457C17F1093B00872028 /* CurrentBearing.cc */; };
		D0E345C717F109DF00872028 /* Date.cc in Sources */ = {isa = PBXBuildFile; fileRef = D0E3457E17F1093B00872028 /* Date.cc */; };
		D0E345C817F109DF00872028 /* Dstr.cc in Sources */ = {isa = PBXBuildFile; fileRef = D0E3458017F1093B00872028 /* Dstr.cc */; };
		D0E345C917F109DF00872028 /* Global.cc in Sources */ = {isa = PBXBuildFile; fileRef = D0E3458317F1093B00872028 /* Global.cc */; };
		D0E345CA17F109DF00872028 /* HarmonicsFile.cc in Sources */ = {isa = PBXBuildFile; fileRef = D0E3458617F1093B00872028 /* HarmonicsFile.cc */; };
		D0E345CB17F109DF00872028 /* HarmonicsPath.cc in Sources */ = {isa = PBXBuildFile; fileRef = D0E3458817F1093B00872028 /* HarmonicsPath.cc */; };
		D0E345CC17F109DF00872028 /* Interval.cc in Sources */ = {isa = PBXBuildFile; fileRef = D0E3458A17F1093B00872028 /* Interval.cc */; };
		D0E345CD17F109DF00872028 /* MetaField.cc in Sources */ = {isa = PBXBuildFile; fileRef = D0E3458C17F1093B00872028 /* MetaField.cc */; };
		D0E345CE17F109DF00872028 /* Nullable.cc in Sources */ = {isa = PBXBuildFile; fileRef = D0E3458F17F1093B00872028 /* Nullable.cc */; };
		D0E345CF17F109DF00872028 /* NullableInterval.cc in Sources */ = {isa = PBXBuildFile; fileRef = D0E3459117F1093B00872028 /* NullableInterval.cc */; };
		D0E345D017F109DF00872028 /* NullablePredictionValue.cc in Sources */ = {isa = PBXBuildFile; fileRef = D0E3459317F1093B00872028 /* NullablePredictionValue.cc */; };
		D0E345D117F109DF00872028 /* Offsets.cc in Sources */ = {isa = PBXBuildFile; fileRef = D0E3459517F1093B00872028 /* Offsets.cc */; };
		D0E345D217F109DF00872028 /* PredictionValue.cc in Sources */ = {isa = PBXBuildFile; fileRef = D0E3459717F1093B00872028 /* PredictionValue.cc */; };
		D0E345D317F109DF00872028 /* Settings.cc in Sources */ = {isa = PBXBuildFile; fileRef = D0E3459C17F1093B00872028 /* Settings.cc */; };
		D0E345D417F109DF00872028 /* Skycal.cc in Sources */ = {isa = PBXBuildFile; fileRef = D0E3459E17F1093B00872028 /* Skycal.cc */; };
		D0E345D517F109DF00872028 /* Speed.cc in Sources */ = {isa = PBXBuildFile; fileRef = D0E345A017F1093B00872028 /* Speed.cc */; };
		D0E345D617F109DF00872028 /* Station.cc in Sources */ = {isa = PBXBuildFile; fileRef = D0E345A217F1093B00872028 /* Station.cc */; };
		D0E345D717F109DF00872028 /* StationIndex.cc in Sources */ = {isa = PBXBuildFile; fileRef = D0E345A417F1093B00872028 /* StationIndex.cc */; };
		D0E345D817F109DF00872028 /* StationRef.cc in Sources */ = {isa = PBXBuildFile; fileRef = D0E345A617F1093B00872028 /* StationRef.cc */; };
		D0E345D917F109DF00872028 /* SubordinateStation.cc in Sources */ = {isa = PBXBuildFile; fileRef = D0E345A817F1093B00872028 /* SubordinateStation.cc */; };
		D0E345DA17F109DF00872028 /* tide.cc in Sources */ = {isa = PBXBuildFile; fileRef = D0E345AA17F1093B00872028 /* tide.cc */; };
		D0E345DB17F109DF00872028 /* TideEvent.cc in Sources */ = {isa = PBXBuildFile; fileRef = D0E345AB17F1093B00872028 /* TideEvent.cc */; };
		D0E345DC17F109DF00872028 /* TideEventsOrganizer.cc in Sources */ = {isa = PBXBuildFile; fileRef = D0E345AD17F1093B00872028 /* TideEventsOrganizer.cc */; };
		D0E345DD17F109DF00872028 /* Timestamp.cc in Sources */ = {isa = PBXBuildFile; fileRef = D0E345AF17F1093B00872028 /* Timestamp.cc */; };
		D0E345DE17F109DF00872028 /* Units.cc in Sources */ = {isa = PBXBuildFile; fileRef = D0E345B117F1093B00872028 /* Units.cc */; };
		D0E345DF17F109DF00872028 /* xml_l.cc in Sources */ = {isa = PBXBuildFile; fileRef = D0E345B317F1093B00872028 /* xml_l.cc */; };
		D0E345E017F109DF00872028 /* xml_y.cc in Sources */ = {isa = PBXBuildFile; fileRef = D0E345B517F1093B00872028 /* xml_y.cc */; };
		D0E345E117F109DF00872028 /* Year.cc in Sources */ = {isa = PBXBuildFile; fileRef = D0E345B917F1093B00872028 /* Year.cc */; };
		D0E345E217F109DF00872028 /* ZoneIndex.cc in Sources */ = {isa = PBXBuildFile; fileRef = D0E345BB17F1093B00872028 /* ZoneIndex.cc */; };
/* End PBXBuildFile section */

/* Begin PBXContainerItemProxy section */
		D0096A8D1822D9A3006D5FD6 /* PBXContainerItemProxy */ = {
			isa = PBXContainerItemProxy;
			containerPortal = D0096A881822D9A3006D5FD6 /* WhirlyGlobe-MaplyComponent.xcodeproj */;
			proxyType = 2;
			remoteGlobalIDString = 2B11E0DB15B4C030007AAE3F;
			remoteInfo = "WhirlyGlobe-MaplyComponent";
		};
		D0096A8F1822DECA006D5FD6 /* PBXContainerItemProxy */ = {
			isa = PBXContainerItemProxy;
			containerPortal = D0096A881822D9A3006D5FD6 /* WhirlyGlobe-MaplyComponent.xcodeproj */;
			proxyType = 1;
			remoteGlobalIDString = 2B11E0DA15B4C030007AAE3F;
			remoteInfo = "WhirlyGlobe-MaplyComponent";
		};
/* End PBXContainerItemProxy section */

/* Begin PBXFileReference section */
		2B62DD5A16E7F0BC001F52FC /* MX Tides.app */ = {isa = PBXFileReference; explicitFileType = wrapper.application; includeInIndex = 0; path = "MX Tides.app"; sourceTree = BUILT_PRODUCTS_DIR; };
		2B62DD5D16E7F0BC001F52FC /* UIKit.framework */ = {isa = PBXFileReference; lastKnownFileType = wrapper.framework; name = UIKit.framework; path = System/Library/Frameworks/UIKit.framework; sourceTree = SDKROOT; };
		2B62DD5F16E7F0BC001F52FC /* Foundation.framework */ = {isa = PBXFileReference; lastKnownFileType = wrapper.framework; name = Foundation.framework; path = System/Library/Frameworks/Foundation.framework; sourceTree = SDKROOT; };
		2B62DD6116E7F0BC001F52FC /* CoreGraphics.framework */ = {isa = PBXFileReference; lastKnownFileType = wrapper.framework; name = CoreGraphics.framework; path = System/Library/Frameworks/CoreGraphics.framework; sourceTree = SDKROOT; };
		2B62DDB316E7F4FD001F52FC /* QuartzCore.framework */ = {isa = PBXFileReference; lastKnownFileType = wrapper.framework; name = QuartzCore.framework; path = System/Library/Frameworks/QuartzCore.framework; sourceTree = SDKROOT; };
		2B8218CC176FCB7C0012322A /* CoreLocation.framework */ = {isa = PBXFileReference; lastKnownFileType = wrapper.framework; name = CoreLocation.framework; path = System/Library/Frameworks/CoreLocation.framework; sourceTree = SDKROOT; };
		2BC989E117DC28350071DA9E /* libz.dylib */ = {isa = PBXFileReference; lastKnownFileType = "compiled.mach-o.dylib"; name = libz.dylib; path = usr/lib/libz.dylib; sourceTree = SDKROOT; };
		D004F0B9181ED92600BD941A /* MXDetailsPageViewController.h */ = {isa = PBXFileReference; fileEncoding = 4; lastKnownFileType = sourcecode.c.h; name = MXDetailsPageViewController.h; path = MXTides/MXDetailsPageViewController.h; sourceTree = "<group>"; };
		D004F0BA181ED92600BD941A /* MXDetailsPageViewController.m */ = {isa = PBXFileReference; fileEncoding = 4; lastKnownFileType = sourcecode.c.objc; name = MXDetailsPageViewController.m; path = MXTides/MXDetailsPageViewController.m; sourceTree = "<group>"; };
		D0096A881822D9A3006D5FD6 /* WhirlyGlobe-MaplyComponent.xcodeproj */ = {isa = PBXFileReference; lastKnownFileType = "wrapper.pb-project"; name = "WhirlyGlobe-MaplyComponent.xcodeproj"; path = "../WhirlyGlobe/WhirlyGlobeSrc/WhirlyGlobe-MaplyComponent/WhirlyGlobe-MaplyComponent.xcodeproj"; sourceTree = "<group>"; };
		D0096A9A1822E27F006D5FD6 /* libsqlite3.dylib */ = {isa = PBXFileReference; lastKnownFileType = "compiled.mach-o.dylib"; name = libsqlite3.dylib; path = usr/lib/libsqlite3.dylib; sourceTree = SDKROOT; };
		D0096A9C1822E28C006D5FD6 /* OpenGLES.framework */ = {isa = PBXFileReference; lastKnownFileType = wrapper.framework; name = OpenGLES.framework; path = System/Library/Frameworks/OpenGLES.framework; sourceTree = SDKROOT; };
		D0096A9E1822E29E006D5FD6 /* libstdc++.dylib */ = {isa = PBXFileReference; lastKnownFileType = "compiled.mach-o.dylib"; name = "libstdc++.dylib"; path = "usr/lib/libstdc++.dylib"; sourceTree = SDKROOT; };
		D0096AAD1822E7EE006D5FD6 /* libWhirlyGlobeLib.a */ = {isa = PBXFileReference; lastKnownFileType = archive.ar; name = libWhirlyGlobeLib.a; path = "../../../Library/Developer/Xcode/DerivedData/MXTides-amrhzqjscyuugcgmsbsuireuamsu/Build/Products/Debug-iphoneos/libWhirlyGlobeLib.a"; sourceTree = "<group>"; };
		D0096AB61822ED7C006D5FD6 /* CoreText.framework */ = {isa = PBXFileReference; lastKnownFileType = wrapper.framework; name = CoreText.framework; path = System/Library/Frameworks/CoreText.framework; sourceTree = SDKROOT; };
		D0096AB81822EDA7006D5FD6 /* libc++.dylib */ = {isa = PBXFileReference; lastKnownFileType = "compiled.mach-o.dylib"; name = "libc++.dylib"; path = "usr/lib/libc++.dylib"; sourceTree = SDKROOT; };
		D0096ABA1822F0A5006D5FD6 /* Constants.h */ = {isa = PBXFileReference; lastKnownFileType = sourcecode.c.h; path = Constants.h; sourceTree = "<group>"; };
		D0096AC41822FC32006D5FD6 /* ne_110m_land.dbf */ = {isa = PBXFileReference; lastKnownFileType = file; name = ne_110m_land.dbf; path = resources/ne_110m_land/ne_110m_land.dbf; sourceTree = "<group>"; };
		D0096AC51822FC32006D5FD6 /* ne_110m_land.prj */ = {isa = PBXFileReference; lastKnownFileType = text; name = ne_110m_land.prj; path = resources/ne_110m_land/ne_110m_land.prj; sourceTree = "<group>"; };
		D0096AC61822FC32006D5FD6 /* ne_110m_land.shp */ = {isa = PBXFileReference; lastKnownFileType = file; name = ne_110m_land.shp; path = resources/ne_110m_land/ne_110m_land.shp; sourceTree = "<group>"; };
		D0096AC71822FC32006D5FD6 /* ne_110m_land.shx */ = {isa = PBXFileReference; lastKnownFileType = file; name = ne_110m_land.shx; path = resources/ne_110m_land/ne_110m_land.shx; sourceTree = "<group>"; };
		D0096AD7182318B1006D5FD6 /* MXGlobeViewController.h */ = {isa = PBXFileReference; fileEncoding = 4; lastKnownFileType = sourcecode.c.h; name = MXGlobeViewController.h; path = MXTides/MXGlobeViewController.h; sourceTree = "<group>"; };
		D0096AD8182318B1006D5FD6 /* MXGlobeViewController.m */ = {isa = PBXFileReference; fileEncoding = 4; lastKnownFileType = sourcecode.c.objc; name = MXGlobeViewController.m; path = MXTides/MXGlobeViewController.m; sourceTree = "<group>"; };
		D00B967117F9CB250054E66F /* MXStationDatabase.h */ = {isa = PBXFileReference; fileEncoding = 4; lastKnownFileType = sourcecode.c.h; name = MXStationDatabase.h; path = MXTides/MXStationDatabase.h; sourceTree = "<group>"; };
		D00B967217F9CB250054E66F /* MXStationDatabase.m */ = {isa = PBXFileReference; fileEncoding = 4; lastKnownFileType = sourcecode.c.objc; name = MXStationDatabase.m; path = MXTides/MXStationDatabase.m; sourceTree = "<group>"; };
		D00B967317F9CB250054E66F /* XTideConnector.hh */ = {isa = PBXFileReference; fileEncoding = 4; lastKnownFileType = sourcecode.cpp.h; name = XTideConnector.hh; path = MXTides/XTideConnector.hh; sourceTree = "<group>"; };
		D00B967417F9CB250054E66F /* XTideConnector.mm */ = {isa = PBXFileReference; fileEncoding = 4; lastKnownFileType = sourcecode.cpp.objcpp; name = XTideConnector.mm; path = MXTides/XTideConnector.mm; sourceTree = "<group>"; };
		D00B967717F9CB3F0054E66F /* MXStation.h */ = {isa = PBXFileReference; fileEncoding = 4; lastKnownFileType = sourcecode.c.h; name = MXStation.h; path = MXTides/MXStation.h; sourceTree = "<group>"; };
		D00B967817F9CB3F0054E66F /* MXStation.m */ = {isa = PBXFileReference; fileEncoding = 4; lastKnownFileType = sourcecode.c.objc; name = MXStation.m; path = MXTides/MXStation.m; sourceTree = "<group>"; };
		D00B968617F9CB9F0054E66F /* MXStationTableViewCell.h */ = {isa = PBXFileReference; fileEncoding = 4; lastKnownFileType = sourcecode.c.h; name = MXStationTableViewCell.h; path = MXTides/MXStationTableViewCell.h; sourceTree = "<group>"; };
		D00B968717F9CB9F0054E66F /* MXStationTableViewCell.m */ = {isa = PBXFileReference; fileEncoding = 4; lastKnownFileType = sourcecode.c.objc; name = MXStationTableViewCell.m; path = MXTides/MXStationTableViewCell.m; sourceTree = "<group>"; };
		D00B968917F9CBCB0054E66F /* MXTides-Info.plist */ = {isa = PBXFileReference; fileEncoding = 4; lastKnownFileType = text.plist.xml; name = "MXTides-Info.plist"; path = "MXTides/MXTides-Info.plist"; sourceTree = SOURCE_ROOT; };
		D00B968B17F9CBF50054E66F /* main.m */ = {isa = PBXFileReference; fileEncoding = 4; lastKnownFileType = sourcecode.c.objc; name = main.m; path = MXTides/main.m; sourceTree = SOURCE_ROOT; };
		D00B968D17F9CC0C0054E66F /* MXTides-Prefix.pch */ = {isa = PBXFileReference; lastKnownFileType = sourcecode.c.h; name = "MXTides-Prefix.pch"; path = "MXTides/MXTides-Prefix.pch"; sourceTree = SOURCE_ROOT; };
		D00B969517F9CC710054E66F /* en */ = {isa = PBXFileReference; lastKnownFileType = text.plist.strings; name = en; path = MXTides/en.lproj/InfoPlist.strings; sourceTree = "<group>"; };
		D01CEEAE17F0AEAE0008431C /* AppDelegate.h */ = {isa = PBXFileReference; fileEncoding = 4; lastKnownFileType = sourcecode.c.h; name = AppDelegate.h; path = MXTides/AppDelegate.h; sourceTree = "<group>"; };
		D01CEEAF17F0AEAE0008431C /* AppDelegate.m */ = {isa = PBXFileReference; fileEncoding = 4; lastKnownFileType = sourcecode.c.objc; name = AppDelegate.m; path = MXTides/AppDelegate.m; sourceTree = "<group>"; };
		D01CEEB117F0AFB80008431C /* Images.xcassets */ = {isa = PBXFileReference; lastKnownFileType = folder.assetcatalog; name = Images.xcassets; path = MXTides/Images.xcassets; sourceTree = "<group>"; };
		D0266F3A17FE31E3002E7982 /* MXStartViewController.h */ = {isa = PBXFileReference; fileEncoding = 4; lastKnownFileType = sourcecode.c.h; name = MXStartViewController.h; path = MXTides/MXStartViewController.h; sourceTree = "<group>"; };
		D0266F3B17FE31E3002E7982 /* MXStartViewController.m */ = {isa = PBXFileReference; fileEncoding = 4; lastKnownFileType = sourcecode.c.objc; name = MXStartViewController.m; path = MXTides/MXStartViewController.m; sourceTree = "<group>"; };
		D0266F4017FE67EC002E7982 /* MXDetailsViewController.h */ = {isa = PBXFileReference; fileEncoding = 4; lastKnownFileType = sourcecode.c.h; name = MXDetailsViewController.h; path = MXTides/MXDetailsViewController.h; sourceTree = "<group>"; };
		D0266F4117FE67EC002E7982 /* MXDetailsViewController.m */ = {isa = PBXFileReference; fileEncoding = 4; lastKnownFileType = sourcecode.c.objc; name = MXDetailsViewController.m; path = MXTides/MXDetailsViewController.m; sourceTree = "<group>"; };
		D032240A1821C02A002D1B53 /* libTestFlight.a */ = {isa = PBXFileReference; lastKnownFileType = archive.ar; path = libTestFlight.a; sourceTree = "<group>"; };
		D032240B1821C02A002D1B53 /* README.md */ = {isa = PBXFileReference; fileEncoding = 4; lastKnownFileType = text; path = README.md; sourceTree = "<group>"; };
		D032240C1821C02A002D1B53 /* release_notes.md */ = {isa = PBXFileReference; fileEncoding = 4; lastKnownFileType = text; path = release_notes.md; sourceTree = "<group>"; };
		D032240D1821C02A002D1B53 /* TestFlight+AsyncLogging.h */ = {isa = PBXFileReference; fileEncoding = 4; lastKnownFileType = sourcecode.c.h; path = "TestFlight+AsyncLogging.h"; sourceTree = "<group>"; };
		D032240E1821C02A002D1B53 /* TestFlight+ManualSessions.h */ = {isa = PBXFileReference; fileEncoding = 4; lastKnownFileType = sourcecode.c.h; path = "TestFlight+ManualSessions.h"; sourceTree = "<group>"; };
		D032240F1821C02A002D1B53 /* TestFlight.h */ = {isa = PBXFileReference; fileEncoding = 4; lastKnownFileType = sourcecode.c.h; path = TestFlight.h; sourceTree = "<group>"; };
		D088551A17F114EE00B4C6D5 /* harmonics-dwf-20121224-free.tcd */ = {isa = PBXFileReference; lastKnownFileType = text; name = "harmonics-dwf-20121224-free.tcd"; path = "resources/harmonics-dwf-20121224-free.tcd"; sourceTree = "<group>"; };
		D08960921801E0B900AB99C7 /* UIImage+Rotate.h */ = {isa = PBXFileReference; fileEncoding = 4; lastKnownFileType = sourcecode.c.h; name = "UIImage+Rotate.h"; path = "MXTides/UIImage+Rotate.h"; sourceTree = "<group>"; };
		D08960931801E0B900AB99C7 /* UIImage+Rotate.m */ = {isa = PBXFileReference; fileEncoding = 4; lastKnownFileType = sourcecode.c.objc; name = "UIImage+Rotate.m"; path = "MXTides/UIImage+Rotate.m"; sourceTree = "<group>"; };
		D0A6E9971821E6F5003F0068 /* MXMapViewController.h */ = {isa = PBXFileReference; fileEncoding = 4; lastKnownFileType = sourcecode.c.h; name = MXMapViewController.h; path = MXTides/MXMapViewController.h; sourceTree = "<group>"; };
		D0A6E9981821E6F5003F0068 /* MXMapViewController.m */ = {isa = PBXFileReference; fileEncoding = 4; lastKnownFileType = sourcecode.c.objc; name = MXMapViewController.m; path = MXTides/MXMapViewController.m; sourceTree = "<group>"; };
		D0BD8ABA1820616F004F6A54 /* MXAboutViewController.h */ = {isa = PBXFileReference; fileEncoding = 4; lastKnownFileType = sourcecode.c.h; name = MXAboutViewController.h; path = MXTides/MXAboutViewController.h; sourceTree = "<group>"; };
		D0BD8ABB1820616F004F6A54 /* MXAboutViewController.m */ = {isa = PBXFileReference; fileEncoding = 4; lastKnownFileType = sourcecode.c.objc; name = MXAboutViewController.m; path = MXTides/MXAboutViewController.m; sourceTree = "<group>"; };
		D0C54D451802032D002C2C08 /* Seattle.gpx */ = {isa = PBXFileReference; lastKnownFileType = text.xml; path = Seattle.gpx; sourceTree = "<group>"; };
		D0CEA18717FCF76F0061E664 /* IPhone.storyboard */ = {isa = PBXFileReference; fileEncoding = 4; lastKnownFileType = file.storyboard; path = IPhone.storyboard; sourceTree = "<group>"; };
		D0CEA1D817FE30340061E664 /* MXStationTableViewController.h */ = {isa = PBXFileReference; fileEncoding = 4; lastKnownFileType = sourcecode.c.h; name = MXStationTableViewController.h; path = MXTides/MXStationTableViewController.h; sourceTree = "<group>"; };
		D0CEA1D917FE30340061E664 /* MXStationTableViewController.m */ = {isa = PBXFileReference; fileEncoding = 4; lastKnownFileType = sourcecode.c.objc; name = MXStationTableViewController.m; path = MXTides/MXStationTableViewController.m; sourceTree = "<group>"; };
		D0E3456517F1092A00872028 /* bit_pack.c */ = {isa = PBXFileReference; lastKnownFileType = sourcecode.c.c; path = bit_pack.c; sourceTree = "<group>"; };
		D0E3456617F1092A00872028 /* tcd.h */ = {isa = PBXFileReference; lastKnownFileType = sourcecode.c.h; path = tcd.h; sourceTree = "<group>"; };
		D0E3456717F1092A00872028 /* tide_db.c */ = {isa = PBXFileReference; lastKnownFileType = sourcecode.c.c; path = tide_db.c; sourceTree = "<group>"; };
		D0E3456817F1092A00872028 /* tide_db_default.h */ = {isa = PBXFileReference; lastKnownFileType = sourcecode.c.h; path = tide_db_default.h; sourceTree = "<group>"; };
		D0E3456917F1092A00872028 /* tide_db_header.h */ = {isa = PBXFileReference; lastKnownFileType = sourcecode.c.h; path = tide_db_header.h; sourceTree = "<group>"; };
		D0E3456B17F1093B00872028 /* Amplitude.cc */ = {isa = PBXFileReference; lastKnownFileType = sourcecode.cpp.cpp; path = Amplitude.cc; sourceTree = "<group>"; };
		D0E3456C17F1093B00872028 /* Amplitude.hh */ = {isa = PBXFileReference; lastKnownFileType = sourcecode.cpp.h; path = Amplitude.hh; sourceTree = "<group>"; };
		D0E3456D17F1093B00872028 /* Angle.cc */ = {isa = PBXFileReference; lastKnownFileType = sourcecode.cpp.cpp; path = Angle.cc; sourceTree = "<group>"; };
		D0E3456E17F1093B00872028 /* Angle.hh */ = {isa = PBXFileReference; lastKnownFileType = sourcecode.cpp.h; path = Angle.hh; sourceTree = "<group>"; };
		D0E3456F17F1093B00872028 /* BetterMap.hh */ = {isa = PBXFileReference; lastKnownFileType = sourcecode.cpp.h; path = BetterMap.hh; sourceTree = "<group>"; };
		D0E3457017F1093B00872028 /* Colors.cc */ = {isa = PBXFileReference; lastKnownFileType = sourcecode.cpp.cpp; path = Colors.cc; sourceTree = "<group>"; };
		D0E3457117F1093B00872028 /* Colors.hh */ = {isa = PBXFileReference; lastKnownFileType = sourcecode.cpp.h; path = Colors.hh; sourceTree = "<group>"; };
		D0E3457217F1093B00872028 /* common.hh */ = {isa = PBXFileReference; lastKnownFileType = sourcecode.cpp.h; path = common.hh; sourceTree = "<group>"; };
		D0E3457317F1093B00872028 /* config.hh */ = {isa = PBXFileReference; lastKnownFileType = sourcecode.cpp.h; path = config.hh; sourceTree = "<group>"; };
		D0E3457417F1093B00872028 /* Configurable.hh */ = {isa = PBXFileReference; lastKnownFileType = sourcecode.cpp.h; path = Configurable.hh; sourceTree = "<group>"; };
		D0E3457517F1093B00872028 /* Constituent.cc */ = {isa = PBXFileReference; lastKnownFileType = sourcecode.cpp.cpp; path = Constituent.cc; sourceTree = "<group>"; };
		D0E3457617F1093B00872028 /* Constituent.hh */ = {isa = PBXFileReference; lastKnownFileType = sourcecode.cpp.h; path = Constituent.hh; sourceTree = "<group>"; };
		D0E3457717F1093B00872028 /* ConstituentSet.cc */ = {isa = PBXFileReference; lastKnownFileType = sourcecode.cpp.cpp; path = ConstituentSet.cc; sourceTree = "<group>"; };
		D0E3457817F1093B00872028 /* ConstituentSet.hh */ = {isa = PBXFileReference; lastKnownFileType = sourcecode.cpp.h; path = ConstituentSet.hh; sourceTree = "<group>"; };
		D0E3457917F1093B00872028 /* Coordinates.cc */ = {isa = PBXFileReference; lastKnownFileType = sourcecode.cpp.cpp; path = Coordinates.cc; sourceTree = "<group>"; };
		D0E3457A17F1093B00872028 /* Coordinates.hh */ = {isa = PBXFileReference; lastKnownFileType = sourcecode.cpp.h; path = Coordinates.hh; sourceTree = "<group>"; };
		D0E3457B17F1093B00872028 /* COPYING */ = {isa = PBXFileReference; lastKnownFileType = text; path = COPYING; sourceTree = "<group>"; };
		D0E3457C17F1093B00872028 /* CurrentBearing.cc */ = {isa = PBXFileReference; lastKnownFileType = sourcecode.cpp.cpp; path = CurrentBearing.cc; sourceTree = "<group>"; };
		D0E3457D17F1093B00872028 /* CurrentBearing.hh */ = {isa = PBXFileReference; lastKnownFileType = sourcecode.cpp.h; path = CurrentBearing.hh; sourceTree = "<group>"; };
		D0E3457E17F1093B00872028 /* Date.cc */ = {isa = PBXFileReference; lastKnownFileType = sourcecode.cpp.cpp; path = Date.cc; sourceTree = "<group>"; };
		D0E3457F17F1093B00872028 /* Date.hh */ = {isa = PBXFileReference; lastKnownFileType = sourcecode.cpp.h; path = Date.hh; sourceTree = "<group>"; };
		D0E3458017F1093B00872028 /* Dstr.cc */ = {isa = PBXFileReference; lastKnownFileType = sourcecode.cpp.cpp; path = Dstr.cc; sourceTree = "<group>"; };
		D0E3458117F1093B00872028 /* Dstr.hh */ = {isa = PBXFileReference; lastKnownFileType = sourcecode.cpp.h; path = Dstr.hh; sourceTree = "<group>"; };
		D0E3458217F1093B00872028 /* Errors.hh */ = {isa = PBXFileReference; lastKnownFileType = sourcecode.cpp.h; path = Errors.hh; sourceTree = "<group>"; };
		D0E3458317F1093B00872028 /* Global.cc */ = {isa = PBXFileReference; lastKnownFileType = sourcecode.cpp.cpp; path = Global.cc; sourceTree = "<group>"; };
		D0E3458417F1093B00872028 /* Global.hh */ = {isa = PBXFileReference; lastKnownFileType = sourcecode.cpp.h; path = Global.hh; sourceTree = "<group>"; };
		D0E3458517F1093B00872028 /* GPL */ = {isa = PBXFileReference; lastKnownFileType = text; path = GPL; sourceTree = "<group>"; };
		D0E3458617F1093B00872028 /* HarmonicsFile.cc */ = {isa = PBXFileReference; lastKnownFileType = sourcecode.cpp.cpp; path = HarmonicsFile.cc; sourceTree = "<group>"; };
		D0E3458717F1093B00872028 /* HarmonicsFile.hh */ = {isa = PBXFileReference; lastKnownFileType = sourcecode.cpp.h; path = HarmonicsFile.hh; sourceTree = "<group>"; };
		D0E3458817F1093B00872028 /* HarmonicsPath.cc */ = {isa = PBXFileReference; lastKnownFileType = sourcecode.cpp.cpp; path = HarmonicsPath.cc; sourceTree = "<group>"; };
		D0E3458917F1093B00872028 /* HarmonicsPath.hh */ = {isa = PBXFileReference; lastKnownFileType = sourcecode.cpp.h; path = HarmonicsPath.hh; sourceTree = "<group>"; };
		D0E3458A17F1093B00872028 /* Interval.cc */ = {isa = PBXFileReference; lastKnownFileType = sourcecode.cpp.cpp; path = Interval.cc; sourceTree = "<group>"; };
		D0E3458B17F1093B00872028 /* Interval.hh */ = {isa = PBXFileReference; lastKnownFileType = sourcecode.cpp.h; path = Interval.hh; sourceTree = "<group>"; };
		D0E3458C17F1093B00872028 /* MetaField.cc */ = {isa = PBXFileReference; lastKnownFileType = sourcecode.cpp.cpp; path = MetaField.cc; sourceTree = "<group>"; };
		D0E3458D17F1093B00872028 /* MetaField.hh */ = {isa = PBXFileReference; lastKnownFileType = sourcecode.cpp.h; path = MetaField.hh; sourceTree = "<group>"; };
		D0E3458E17F1093B00872028 /* ModeFormat.hh */ = {isa = PBXFileReference; lastKnownFileType = sourcecode.cpp.h; path = ModeFormat.hh; sourceTree = "<group>"; };
		D0E3458F17F1093B00872028 /* Nullable.cc */ = {isa = PBXFileReference; lastKnownFileType = sourcecode.cpp.cpp; path = Nullable.cc; sourceTree = "<group>"; };
		D0E3459017F1093B00872028 /* Nullable.hh */ = {isa = PBXFileReference; lastKnownFileType = sourcecode.cpp.h; path = Nullable.hh; sourceTree = "<group>"; };
		D0E3459117F1093B00872028 /* NullableInterval.cc */ = {isa = PBXFileReference; lastKnownFileType = sourcecode.cpp.cpp; path = NullableInterval.cc; sourceTree = "<group>"; };
		D0E3459217F1093B00872028 /* NullableInterval.hh */ = {isa = PBXFileReference; lastKnownFileType = sourcecode.cpp.h; path = NullableInterval.hh; sourceTree = "<group>"; };
		D0E3459317F1093B00872028 /* NullablePredictionValue.cc */ = {isa = PBXFileReference; lastKnownFileType = sourcecode.cpp.cpp; path = NullablePredictionValue.cc; sourceTree = "<group>"; };
		D0E3459417F1093B00872028 /* NullablePredictionValue.hh */ = {isa = PBXFileReference; lastKnownFileType = sourcecode.cpp.h; path = NullablePredictionValue.hh; sourceTree = "<group>"; };
		D0E3459517F1093B00872028 /* Offsets.cc */ = {isa = PBXFileReference; lastKnownFileType = sourcecode.cpp.cpp; path = Offsets.cc; sourceTree = "<group>"; };
		D0E3459617F1093B00872028 /* Offsets.hh */ = {isa = PBXFileReference; lastKnownFileType = sourcecode.cpp.h; path = Offsets.hh; sourceTree = "<group>"; };
		D0E3459717F1093B00872028 /* PredictionValue.cc */ = {isa = PBXFileReference; lastKnownFileType = sourcecode.cpp.cpp; path = PredictionValue.cc; sourceTree = "<group>"; };
		D0E3459817F1093B00872028 /* PredictionValue.hh */ = {isa = PBXFileReference; lastKnownFileType = sourcecode.cpp.h; path = PredictionValue.hh; sourceTree = "<group>"; };
		D0E3459917F1093B00872028 /* README */ = {isa = PBXFileReference; lastKnownFileType = text; path = README; sourceTree = "<group>"; };
		D0E3459A17F1093B00872028 /* rgb.hh */ = {isa = PBXFileReference; lastKnownFileType = sourcecode.cpp.h; path = rgb.hh; sourceTree = "<group>"; };
		D0E3459B17F1093B00872028 /* SafeVector.hh */ = {isa = PBXFileReference; lastKnownFileType = sourcecode.cpp.h; path = SafeVector.hh; sourceTree = "<group>"; };
		D0E3459C17F1093B00872028 /* Settings.cc */ = {isa = PBXFileReference; lastKnownFileType = sourcecode.cpp.cpp; path = Settings.cc; sourceTree = "<group>"; };
		D0E3459D17F1093B00872028 /* Settings.hh */ = {isa = PBXFileReference; lastKnownFileType = sourcecode.cpp.h; path = Settings.hh; sourceTree = "<group>"; };
		D0E3459E17F1093B00872028 /* Skycal.cc */ = {isa = PBXFileReference; lastKnownFileType = sourcecode.cpp.cpp; path = Skycal.cc; sourceTree = "<group>"; };
		D0E3459F17F1093B00872028 /* Skycal.hh */ = {isa = PBXFileReference; lastKnownFileType = sourcecode.cpp.h; path = Skycal.hh; sourceTree = "<group>"; };
		D0E345A017F1093B00872028 /* Speed.cc */ = {isa = PBXFileReference; lastKnownFileType = sourcecode.cpp.cpp; path = Speed.cc; sourceTree = "<group>"; };
		D0E345A117F1093B00872028 /* Speed.hh */ = {isa = PBXFileReference; lastKnownFileType = sourcecode.cpp.h; path = Speed.hh; sourceTree = "<group>"; };
		D0E345A217F1093B00872028 /* Station.cc */ = {isa = PBXFileReference; lastKnownFileType = sourcecode.cpp.cpp; path = Station.cc; sourceTree = "<group>"; };
		D0E345A317F1093B00872028 /* Station.hh */ = {isa = PBXFileReference; lastKnownFileType = sourcecode.cpp.h; path = Station.hh; sourceTree = "<group>"; };
		D0E345A417F1093B00872028 /* StationIndex.cc */ = {isa = PBXFileReference; lastKnownFileType = sourcecode.cpp.cpp; path = StationIndex.cc; sourceTree = "<group>"; };
		D0E345A517F1093B00872028 /* StationIndex.hh */ = {isa = PBXFileReference; lastKnownFileType = sourcecode.cpp.h; path = StationIndex.hh; sourceTree = "<group>"; };
		D0E345A617F1093B00872028 /* StationRef.cc */ = {isa = PBXFileReference; lastKnownFileType = sourcecode.cpp.cpp; path = StationRef.cc; sourceTree = "<group>"; };
		D0E345A717F1093B00872028 /* StationRef.hh */ = {isa = PBXFileReference; lastKnownFileType = sourcecode.cpp.h; path = StationRef.hh; sourceTree = "<group>"; };
		D0E345A817F1093B00872028 /* SubordinateStation.cc */ = {isa = PBXFileReference; lastKnownFileType = sourcecode.cpp.cpp; path = SubordinateStation.cc; sourceTree = "<group>"; };
		D0E345A917F1093B00872028 /* SubordinateStation.hh */ = {isa = PBXFileReference; lastKnownFileType = sourcecode.cpp.h; path = SubordinateStation.hh; sourceTree = "<group>"; };
		D0E345AA17F1093B00872028 /* tide.cc */ = {isa = PBXFileReference; lastKnownFileType = sourcecode.cpp.cpp; path = tide.cc; sourceTree = "<group>"; };
		D0E345AB17F1093B00872028 /* TideEvent.cc */ = {isa = PBXFileReference; lastKnownFileType = sourcecode.cpp.cpp; path = TideEvent.cc; sourceTree = "<group>"; };
		D0E345AC17F1093B00872028 /* TideEvent.hh */ = {isa = PBXFileReference; lastKnownFileType = sourcecode.cpp.h; path = TideEvent.hh; sourceTree = "<group>"; };
		D0E345AD17F1093B00872028 /* TideEventsOrganizer.cc */ = {isa = PBXFileReference; lastKnownFileType = sourcecode.cpp.cpp; path = TideEventsOrganizer.cc; sourceTree = "<group>"; };
		D0E345AE17F1093B00872028 /* TideEventsOrganizer.hh */ = {isa = PBXFileReference; lastKnownFileType = sourcecode.cpp.h; path = TideEventsOrganizer.hh; sourceTree = "<group>"; };
		D0E345AF17F1093B00872028 /* Timestamp.cc */ = {isa = PBXFileReference; lastKnownFileType = sourcecode.cpp.cpp; path = Timestamp.cc; sourceTree = "<group>"; };
		D0E345B017F1093B00872028 /* Timestamp.hh */ = {isa = PBXFileReference; lastKnownFileType = sourcecode.cpp.h; path = Timestamp.hh; sourceTree = "<group>"; };
		D0E345B117F1093B00872028 /* Units.cc */ = {isa = PBXFileReference; lastKnownFileType = sourcecode.cpp.cpp; path = Units.cc; sourceTree = "<group>"; };
		D0E345B217F1093B00872028 /* Units.hh */ = {isa = PBXFileReference; lastKnownFileType = sourcecode.cpp.h; path = Units.hh; sourceTree = "<group>"; };
		D0E345B317F1093B00872028 /* xml_l.cc */ = {isa = PBXFileReference; lastKnownFileType = sourcecode.cpp.cpp; path = xml_l.cc; sourceTree = "<group>"; };
		D0E345B417F1093B00872028 /* xml_l.ll */ = {isa = PBXFileReference; lastKnownFileType = sourcecode.asm.llvm; path = xml_l.ll; sourceTree = "<group>"; };
		D0E345B517F1093B00872028 /* xml_y.cc */ = {isa = PBXFileReference; lastKnownFileType = sourcecode.cpp.cpp; path = xml_y.cc; sourceTree = "<group>"; };
		D0E345B617F1093B00872028 /* xml_y.h */ = {isa = PBXFileReference; lastKnownFileType = sourcecode.c.h; path = xml_y.h; sourceTree = "<group>"; };
		D0E345B717F1093B00872028 /* xml_y.yy */ = {isa = PBXFileReference; lastKnownFileType = text; path = xml_y.yy; sourceTree = "<group>"; };
		D0E345B817F1093B00872028 /* xmlparser.hh */ = {isa = PBXFileReference; lastKnownFileType = sourcecode.cpp.h; path = xmlparser.hh; sourceTree = "<group>"; };
		D0E345B917F1093B00872028 /* Year.cc */ = {isa = PBXFileReference; lastKnownFileType = sourcecode.cpp.cpp; path = Year.cc; sourceTree = "<group>"; };
		D0E345BA17F1093B00872028 /* Year.hh */ = {isa = PBXFileReference; lastKnownFileType = sourcecode.cpp.h; path = Year.hh; sourceTree = "<group>"; };
		D0E345BB17F1093B00872028 /* ZoneIndex.cc */ = {isa = PBXFileReference; lastKnownFileType = sourcecode.cpp.cpp; path = ZoneIndex.cc; sourceTree = "<group>"; };
		D0E345BC17F1093B00872028 /* ZoneIndex.hh */ = {isa = PBXFileReference; lastKnownFileType = sourcecode.cpp.h; path = ZoneIndex.hh; sourceTree = "<group>"; };
/* End PBXFileReference section */

/* Begin PBXFrameworksBuildPhase section */
		2B62DD5716E7F0BC001F52FC /* Frameworks */ = {
			isa = PBXFrameworksBuildPhase;
			buildActionMask = 2147483647;
			files = (
				D0096AB91822EDA7006D5FD6 /* libc++.dylib in Frameworks */,
				D0096AB71822ED7C006D5FD6 /* CoreText.framework in Frameworks */,
				D0096A9F1822E29E006D5FD6 /* libstdc++.dylib in Frameworks */,
				D03224131821C14A002D1B53 /* libz.dylib in Frameworks */,
				D0096A991822E26F006D5FD6 /* libWhirlyGlobe-MaplyComponent.a in Frameworks */,
				D0096A9B1822E27F006D5FD6 /* libsqlite3.dylib in Frameworks */,
				D0096A871822D972006D5FD6 /* QuartzCore.framework in Frameworks */,
				D0096A9D1822E28C006D5FD6 /* OpenGLES.framework in Frameworks */,
				D03224101821C02A002D1B53 /* libTestFlight.a in Frameworks */,
				2B8218CD176FCB7C0012322A /* CoreLocation.framework in Frameworks */,
				2B62DD6216E7F0BC001F52FC /* CoreGraphics.framework in Frameworks */,
				2B62DD5E16E7F0BC001F52FC /* UIKit.framework in Frameworks */,
				2B62DD6016E7F0BC001F52FC /* Foundation.framework in Frameworks */,
			);
			runOnlyForDeploymentPostprocessing = 0;
		};
/* End PBXFrameworksBuildPhase section */

/* Begin PBXGroup section */
		2B62DD5116E7F0BC001F52FC = {
			isa = PBXGroup;
			children = (
				D03224091821C02A002D1B53 /* TestFlightSDK2.0.2 */,
				D01CEEA317F09B500008431C /* MXTides */,
				D0D3802917F1270F0071DDA9 /* Resources */,
				D0E3456A17F1093B00872028 /* xtide */,
				D0E3456417F1092A00872028 /* libtcd */,
				2B62DD6416E7F0BC001F52FC /* Supporting Files */,
				2B62DD5C16E7F0BC001F52FC /* Frameworks */,
				2B62DD5B16E7F0BC001F52FC /* Products */,
			);
			sourceTree = "<group>";
		};
		2B62DD5B16E7F0BC001F52FC /* Products */ = {
			isa = PBXGroup;
			children = (
				2B62DD5A16E7F0BC001F52FC /* MX Tides.app */,
			);
			name = Products;
			sourceTree = "<group>";
		};
		2B62DD5C16E7F0BC001F52FC /* Frameworks */ = {
			isa = PBXGroup;
			children = (
				D0096AB81822EDA7006D5FD6 /* libc++.dylib */,
				D0096AB61822ED7C006D5FD6 /* CoreText.framework */,
				D0096AAD1822E7EE006D5FD6 /* libWhirlyGlobeLib.a */,
				D0096A9E1822E29E006D5FD6 /* libstdc++.dylib */,
				D0096A9C1822E28C006D5FD6 /* OpenGLES.framework */,
				D0096A9A1822E27F006D5FD6 /* libsqlite3.dylib */,
				D0096A881822D9A3006D5FD6 /* WhirlyGlobe-MaplyComponent.xcodeproj */,
				2BC989E117DC28350071DA9E /* libz.dylib */,
				2B8218CC176FCB7C0012322A /* CoreLocation.framework */,
				2B62DDB316E7F4FD001F52FC /* QuartzCore.framework */,
				2B62DD5D16E7F0BC001F52FC /* UIKit.framework */,
				2B62DD5F16E7F0BC001F52FC /* Foundation.framework */,
				2B62DD6116E7F0BC001F52FC /* CoreGraphics.framework */,
			);
			name = Frameworks;
			sourceTree = "<group>";
		};
		2B62DD6416E7F0BC001F52FC /* Supporting Files */ = {
			isa = PBXGroup;
			children = (
				D00B969417F9CC710054E66F /* InfoPlist.strings */,
				D00B968917F9CBCB0054E66F /* MXTides-Info.plist */,
				D00B968B17F9CBF50054E66F /* main.m */,
				D00B968D17F9CC0C0054E66F /* MXTides-Prefix.pch */,
			);
			name = "Supporting Files";
			path = WhirlyGlobeComponentTester;
			sourceTree = "<group>";
		};
		D0096A891822D9A3006D5FD6 /* Products */ = {
			isa = PBXGroup;
			children = (
				D0096A8E1822D9A3006D5FD6 /* libWhirlyGlobe-MaplyComponent.a */,
			);
			name = Products;
			sourceTree = "<group>";
		};
		D0096ABB1822F0F8006D5FD6 /* Inline */ = {
			isa = PBXGroup;
			children = (
				D0096ABA1822F0A5006D5FD6 /* Constants.h */,
			);
			name = Inline;
			sourceTree = "<group>";
		};
		D0109E6E1800916500311DDC /* Categories */ = {
			isa = PBXGroup;
			children = (
				D08960921801E0B900AB99C7 /* UIImage+Rotate.h */,
				D08960931801E0B900AB99C7 /* UIImage+Rotate.m */,
			);
			name = Categories;
			sourceTree = "<group>";
		};
		D01CEEA317F09B500008431C /* MXTides */ = {
			isa = PBXGroup;
			children = (
				D0096ABB1822F0F8006D5FD6 /* Inline */,
				D0109E6E1800916500311DDC /* Categories */,
				D088551917F111D300B4C6D5 /* Model_Controllers */,
				D088551717F111C100B4C6D5 /* Models */,
				D01CEEB517F0D0750008431C /* Views */,
				D01CEEB417F0D05F0008431C /* View_Controllers */,
				D01CEEAD17F0AB5C0008431C /* Delegates */,
			);
			name = MXTides;
			sourceTree = "<group>";
		};
		D01CEEAD17F0AB5C0008431C /* Delegates */ = {
			isa = PBXGroup;
			children = (
				D01CEEAF17F0AEAE0008431C /* AppDelegate.m */,
				D01CEEAE17F0AEAE0008431C /* AppDelegate.h */,
			);
			name = Delegates;
			sourceTree = "<group>";
		};
		D01CEEB417F0D05F0008431C /* View_Controllers */ = {
			isa = PBXGroup;
			children = (
				D0266F3A17FE31E3002E7982 /* MXStartViewController.h */,
				D0266F3B17FE31E3002E7982 /* MXStartViewController.m */,
				D0CEA1D817FE30340061E664 /* MXStationTableViewController.h */,
				D0CEA1D917FE30340061E664 /* MXStationTableViewController.m */,
				D0266F4017FE67EC002E7982 /* MXDetailsViewController.h */,
				D0266F4117FE67EC002E7982 /* MXDetailsViewController.m */,
				D004F0B9181ED92600BD941A /* MXDetailsPageViewController.h */,
				D004F0BA181ED92600BD941A /* MXDetailsPageViewController.m */,
				D0A6E9971821E6F5003F0068 /* MXMapViewController.h */,
				D0A6E9981821E6F5003F0068 /* MXMapViewController.m */,
			);
			name = View_Controllers;
			sourceTree = "<group>";
		};
		D01CEEB517F0D0750008431C /* Views */ = {
			isa = PBXGroup;
			children = (
				D0CEA18717FCF76F0061E664 /* IPhone.storyboard */,
				D00B968617F9CB9F0054E66F /* MXStationTableViewCell.h */,
				D00B968717F9CB9F0054E66F /* MXStationTableViewCell.m */,
				D0096AD7182318B1006D5FD6 /* MXGlobeViewController.h */,
				D0096AD8182318B1006D5FD6 /* MXGlobeViewController.m */,
			);
			name = Views;
			sourceTree = "<group>";
		};
		D03224091821C02A002D1B53 /* TestFlightSDK2.0.2 */ = {
			isa = PBXGroup;
			children = (
				D032240A1821C02A002D1B53 /* libTestFlight.a */,
				D032240B1821C02A002D1B53 /* README.md */,
				D032240C1821C02A002D1B53 /* release_notes.md */,
				D032240D1821C02A002D1B53 /* TestFlight+AsyncLogging.h */,
				D032240E1821C02A002D1B53 /* TestFlight+ManualSessions.h */,
				D032240F1821C02A002D1B53 /* TestFlight.h */,
			);
			path = TestFlightSDK2.0.2;
			sourceTree = "<group>";
		};
		D088551717F111C100B4C6D5 /* Models */ = {
			isa = PBXGroup;
			children = (
				D00B967717F9CB3F0054E66F /* MXStation.h */,
				D00B967817F9CB3F0054E66F /* MXStation.m */,
			);
			name = Models;
			sourceTree = "<group>";
		};
		D088551917F111D300B4C6D5 /* Model_Controllers */ = {
			isa = PBXGroup;
			children = (
				D00B967117F9CB250054E66F /* MXStationDatabase.h */,
				D00B967217F9CB250054E66F /* MXStationDatabase.m */,
				D00B967317F9CB250054E66F /* XTideConnector.hh */,
				D00B967417F9CB250054E66F /* XTideConnector.mm */,
				D0BD8ABA1820616F004F6A54 /* MXAboutViewController.h */,
				D0BD8ABB1820616F004F6A54 /* MXAboutViewController.m */,
			);
			name = Model_Controllers;
			sourceTree = "<group>";
		};
		D0D3802917F1270F0071DDA9 /* Resources */ = {
			isa = PBXGroup;
			children = (
				D0096AC41822FC32006D5FD6 /* ne_110m_land.dbf */,
				D0096AC51822FC32006D5FD6 /* ne_110m_land.prj */,
				D0096AC61822FC32006D5FD6 /* ne_110m_land.shp */,
				D0096AC71822FC32006D5FD6 /* ne_110m_land.shx */,
				D0C54D451802032D002C2C08 /* Seattle.gpx */,
				D01CEEB117F0AFB80008431C /* Images.xcassets */,
				D088551A17F114EE00B4C6D5 /* harmonics-dwf-20121224-free.tcd */,
			);
			name = Resources;
			sourceTree = "<group>";
		};
		D0E3456417F1092A00872028 /* libtcd */ = {
			isa = PBXGroup;
			children = (
				D0E3456517F1092A00872028 /* bit_pack.c */,
				D0E3456617F1092A00872028 /* tcd.h */,
				D0E3456717F1092A00872028 /* tide_db.c */,
				D0E3456817F1092A00872028 /* tide_db_default.h */,
				D0E3456917F1092A00872028 /* tide_db_header.h */,
			);
			path = libtcd;
			sourceTree = "<group>";
		};
		D0E3456A17F1093B00872028 /* xtide */ = {
			isa = PBXGroup;
			children = (
				D0E3456B17F1093B00872028 /* Amplitude.cc */,
				D0E3456C17F1093B00872028 /* Amplitude.hh */,
				D0E3456D17F1093B00872028 /* Angle.cc */,
				D0E3456E17F1093B00872028 /* Angle.hh */,
				D0E3456F17F1093B00872028 /* BetterMap.hh */,
				D0E3457017F1093B00872028 /* Colors.cc */,
				D0E3457117F1093B00872028 /* Colors.hh */,
				D0E3457217F1093B00872028 /* common.hh */,
				D0E3457317F1093B00872028 /* config.hh */,
				D0E3457417F1093B00872028 /* Configurable.hh */,
				D0E3457517F1093B00872028 /* Constituent.cc */,
				D0E3457617F1093B00872028 /* Constituent.hh */,
				D0E3457717F1093B00872028 /* ConstituentSet.cc */,
				D0E3457817F1093B00872028 /* ConstituentSet.hh */,
				D0E3457917F1093B00872028 /* Coordinates.cc */,
				D0E3457A17F1093B00872028 /* Coordinates.hh */,
				D0E3457B17F1093B00872028 /* COPYING */,
				D0E3457C17F1093B00872028 /* CurrentBearing.cc */,
				D0E3457D17F1093B00872028 /* CurrentBearing.hh */,
				D0E3457E17F1093B00872028 /* Date.cc */,
				D0E3457F17F1093B00872028 /* Date.hh */,
				D0E3458017F1093B00872028 /* Dstr.cc */,
				D0E3458117F1093B00872028 /* Dstr.hh */,
				D0E3458217F1093B00872028 /* Errors.hh */,
				D0E3458317F1093B00872028 /* Global.cc */,
				D0E3458417F1093B00872028 /* Global.hh */,
				D0E3458517F1093B00872028 /* GPL */,
				D0E3458617F1093B00872028 /* HarmonicsFile.cc */,
				D0E3458717F1093B00872028 /* HarmonicsFile.hh */,
				D0E3458817F1093B00872028 /* HarmonicsPath.cc */,
				D0E3458917F1093B00872028 /* HarmonicsPath.hh */,
				D0E3458A17F1093B00872028 /* Interval.cc */,
				D0E3458B17F1093B00872028 /* Interval.hh */,
				D0E3458C17F1093B00872028 /* MetaField.cc */,
				D0E3458D17F1093B00872028 /* MetaField.hh */,
				D0E3458E17F1093B00872028 /* ModeFormat.hh */,
				D0E3458F17F1093B00872028 /* Nullable.cc */,
				D0E3459017F1093B00872028 /* Nullable.hh */,
				D0E3459117F1093B00872028 /* NullableInterval.cc */,
				D0E3459217F1093B00872028 /* NullableInterval.hh */,
				D0E3459317F1093B00872028 /* NullablePredictionValue.cc */,
				D0E3459417F1093B00872028 /* NullablePredictionValue.hh */,
				D0E3459517F1093B00872028 /* Offsets.cc */,
				D0E3459617F1093B00872028 /* Offsets.hh */,
				D0E3459717F1093B00872028 /* PredictionValue.cc */,
				D0E3459817F1093B00872028 /* PredictionValue.hh */,
				D0E3459917F1093B00872028 /* README */,
				D0E3459A17F1093B00872028 /* rgb.hh */,
				D0E3459B17F1093B00872028 /* SafeVector.hh */,
				D0E3459C17F1093B00872028 /* Settings.cc */,
				D0E3459D17F1093B00872028 /* Settings.hh */,
				D0E3459E17F1093B00872028 /* Skycal.cc */,
				D0E3459F17F1093B00872028 /* Skycal.hh */,
				D0E345A017F1093B00872028 /* Speed.cc */,
				D0E345A117F1093B00872028 /* Speed.hh */,
				D0E345A217F1093B00872028 /* Station.cc */,
				D0E345A317F1093B00872028 /* Station.hh */,
				D0E345A417F1093B00872028 /* StationIndex.cc */,
				D0E345A517F1093B00872028 /* StationIndex.hh */,
				D0E345A617F1093B00872028 /* StationRef.cc */,
				D0E345A717F1093B00872028 /* StationRef.hh */,
				D0E345A817F1093B00872028 /* SubordinateStation.cc */,
				D0E345A917F1093B00872028 /* SubordinateStation.hh */,
				D0E345AA17F1093B00872028 /* tide.cc */,
				D0E345AB17F1093B00872028 /* TideEvent.cc */,
				D0E345AC17F1093B00872028 /* TideEvent.hh */,
				D0E345AD17F1093B00872028 /* TideEventsOrganizer.cc */,
				D0E345AE17F1093B00872028 /* TideEventsOrganizer.hh */,
				D0E345AF17F1093B00872028 /* Timestamp.cc */,
				D0E345B017F1093B00872028 /* Timestamp.hh */,
				D0E345B117F1093B00872028 /* Units.cc */,
				D0E345B217F1093B00872028 /* Units.hh */,
				D0E345B317F1093B00872028 /* xml_l.cc */,
				D0E345B417F1093B00872028 /* xml_l.ll */,
				D0E345B517F1093B00872028 /* xml_y.cc */,
				D0E345B617F1093B00872028 /* xml_y.h */,
				D0E345B717F1093B00872028 /* xml_y.yy */,
				D0E345B817F1093B00872028 /* xmlparser.hh */,
				D0E345B917F1093B00872028 /* Year.cc */,
				D0E345BA17F1093B00872028 /* Year.hh */,
				D0E345BB17F1093B00872028 /* ZoneIndex.cc */,
				D0E345BC17F1093B00872028 /* ZoneIndex.hh */,
			);
			path = xtide;
			sourceTree = "<group>";
		};
/* End PBXGroup section */

/* Begin PBXNativeTarget section */
		2B62DD5916E7F0BC001F52FC /* MXTides */ = {
			isa = PBXNativeTarget;
			buildConfigurationList = 2B62DD7716E7F0BD001F52FC /* Build configuration list for PBXNativeTarget "MXTides" */;
			buildPhases = (
				2B62DD5616E7F0BC001F52FC /* Sources */,
				2B62DD5716E7F0BC001F52FC /* Frameworks */,
				2B62DD5816E7F0BC001F52FC /* Resources */,
			);
			buildRules = (
			);
			dependencies = (
				D0096A901822DECA006D5FD6 /* PBXTargetDependency */,
			);
			name = MXTides;
			productName = WhirlyGlobeComponentTester;
			productReference = 2B62DD5A16E7F0BC001F52FC /* MX Tides.app */;
			productType = "com.apple.product-type.application";
		};
/* End PBXNativeTarget section */

/* Begin PBXProject section */
		2B62DD5216E7F0BC001F52FC /* Project object */ = {
			isa = PBXProject;
			attributes = {
				LastUpgradeCheck = 0460;
				ORGANIZATIONNAME = "Will Kamp";
				TargetAttributes = {
					2B62DD5916E7F0BC001F52FC = {
						DevelopmentTeam = TH39V46468;
					};
				};
			};
			buildConfigurationList = 2B62DD5516E7F0BC001F52FC /* Build configuration list for PBXProject "MXTides" */;
			compatibilityVersion = "Xcode 3.2";
			developmentRegion = English;
			hasScannedForEncodings = 0;
			knownRegions = (
				en,
			);
			mainGroup = 2B62DD5116E7F0BC001F52FC;
			productRefGroup = 2B62DD5B16E7F0BC001F52FC /* Products */;
			projectDirPath = "";
			projectReferences = (
				{
					ProductGroup = D0096A891822D9A3006D5FD6 /* Products */;
					ProjectRef = D0096A881822D9A3006D5FD6 /* WhirlyGlobe-MaplyComponent.xcodeproj */;
				},
			);
			projectRoot = "";
			targets = (
				2B62DD5916E7F0BC001F52FC /* MXTides */,
			);
		};
/* End PBXProject section */

/* Begin PBXReferenceProxy section */
		D0096A8E1822D9A3006D5FD6 /* libWhirlyGlobe-MaplyComponent.a */ = {
			isa = PBXReferenceProxy;
			fileType = archive.ar;
			path = "libWhirlyGlobe-MaplyComponent.a";
			remoteRef = D0096A8D1822D9A3006D5FD6 /* PBXContainerItemProxy */;
			sourceTree = BUILT_PRODUCTS_DIR;
		};
/* End PBXReferenceProxy section */

/* Begin PBXResourcesBuildPhase section */
		2B62DD5816E7F0BC001F52FC /* Resources */ = {
			isa = PBXResourcesBuildPhase;
			buildActionMask = 2147483647;
			files = (
				D0096AC81822FC32006D5FD6 /* ne_110m_land.dbf in Resources */,
				D0096AC91822FC32006D5FD6 /* ne_110m_land.prj in Resources */,
				D0096ACA1822FC32006D5FD6 /* ne_110m_land.shp in Resources */,
				D0096ACB1822FC32006D5FD6 /* ne_110m_land.shx in Resources */,
				D088551B17F114EE00B4C6D5 /* harmonics-dwf-20121224-free.tcd in Resources */,
				D01CEEB217F0AFB80008431C /* Images.xcassets in Resources */,
				D0CEA18817FCF76F0061E664 /* IPhone.storyboard in Resources */,
			);
			runOnlyForDeploymentPostprocessing = 0;
		};
/* End PBXResourcesBuildPhase section */

/* Begin PBXSourcesBuildPhase section */
		2B62DD5616E7F0BC001F52FC /* Sources */ = {
			isa = PBXSourcesBuildPhase;
			buildActionMask = 2147483647;
			files = (
				D0CEA1DA17FE30340061E664 /* MXStationTableViewController.m in Sources */,
				D0E345C017F109DF00872028 /* Amplitude.cc in Sources */,
				D0E345C117F109DF00872028 /* Angle.cc in Sources */,
				D00B967517F9CB250054E66F /* MXStationDatabase.m in Sources */,
				D0E345C217F109DF00872028 /* Colors.cc in Sources */,
				D0E345C317F109DF00872028 /* Constituent.cc in Sources */,
				D0E345C417F109DF00872028 /* ConstituentSet.cc in Sources */,
				D0E345C517F109DF00872028 /* Coordinates.cc in Sources */,
				D0E345C617F109DF00872028 /* CurrentBearing.cc in Sources */,
				D0E345C717F109DF00872028 /* Date.cc in Sources */,
				D0E345C817F109DF00872028 /* Dstr.cc in Sources */,
				D0096AD9182318B1006D5FD6 /* MXGlobeViewController.m in Sources */,
				D0E345C917F109DF00872028 /* Global.cc in Sources */,
				D0E345CA17F109DF00872028 /* HarmonicsFile.cc in Sources */,
				D00B968C17F9CBF50054E66F /* main.m in Sources */,
				D00B967B17F9CB3F0054E66F /* MXStation.m in Sources */,
				D0BD8ABC1820616F004F6A54 /* MXAboutViewController.m in Sources */,
				D0E345CB17F109DF00872028 /* HarmonicsPath.cc in Sources */,
				D0E345CC17F109DF00872028 /* Interval.cc in Sources */,
				D0E345CD17F109DF00872028 /* MetaField.cc in Sources */,
				D00B967617F9CB250054E66F /* XTideConnector.mm in Sources */,
				D0E345CE17F109DF00872028 /* Nullable.cc in Sources */,
				D0E345CF17F109DF00872028 /* NullableInterval.cc in Sources */,
				D0E345D017F109DF00872028 /* NullablePredictionValue.cc in Sources */,
				D0E345D117F109DF00872028 /* Offsets.cc in Sources */,
				D0266F3C17FE31E3002E7982 /* MXStartViewController.m in Sources */,
				D0E345D217F109DF00872028 /* PredictionValue.cc in Sources */,
				D0E345D317F109DF00872028 /* Settings.cc in Sources */,
				D0E345D417F109DF00872028 /* Skycal.cc in Sources */,
				D0A6E9991821E6F5003F0068 /* MXMapViewController.m in Sources */,
				D0E345D517F109DF00872028 /* Speed.cc in Sources */,
				D0266F4217FE67EC002E7982 /* MXDetailsViewController.m in Sources */,
				D0E345D617F109DF00872028 /* Station.cc in Sources */,
				D0E345D717F109DF00872028 /* StationIndex.cc in Sources */,
				D08960941801E0B900AB99C7 /* UIImage+Rotate.m in Sources */,
				D0E345D817F109DF00872028 /* StationRef.cc in Sources */,
				D0E345D917F109DF00872028 /* SubordinateStation.cc in Sources */,
				D0E345DA17F109DF00872028 /* tide.cc in Sources */,
				D0E345DB17F109DF00872028 /* TideEvent.cc in Sources */,
				D0E345DC17F109DF00872028 /* TideEventsOrganizer.cc in Sources */,
				D0E345DD17F109DF00872028 /* Timestamp.cc in Sources */,
				D00B968817F9CB9F0054E66F /* MXStationTableViewCell.m in Sources */,
				D0E345DE17F109DF00872028 /* Units.cc in Sources */,
				D0E345DF17F109DF00872028 /* xml_l.cc in Sources */,
				D0E345E017F109DF00872028 /* xml_y.cc in Sources */,
				D0E345E117F109DF00872028 /* Year.cc in Sources */,
				D0E345E217F109DF00872028 /* ZoneIndex.cc in Sources */,
				D0E345BE17F1099400872028 /* bit_pack.c in Sources */,
				D0E345BF17F1099700872028 /* tide_db.c in Sources */,
				D01CEEB017F0AEAE0008431C /* AppDelegate.m in Sources */,
				D004F0BB181ED92600BD941A /* MXDetailsPageViewController.m in Sources */,
			);
			runOnlyForDeploymentPostprocessing = 0;
		};
/* End PBXSourcesBuildPhase section */

/* Begin PBXTargetDependency section */
		D0096A901822DECA006D5FD6 /* PBXTargetDependency */ = {
			isa = PBXTargetDependency;
			name = "WhirlyGlobe-MaplyComponent";
			targetProxy = D0096A8F1822DECA006D5FD6 /* PBXContainerItemProxy */;
		};
/* End PBXTargetDependency section */

/* Begin PBXVariantGroup section */
		D00B969417F9CC710054E66F /* InfoPlist.strings */ = {
			isa = PBXVariantGroup;
			children = (
				D00B969517F9CC710054E66F /* en */,
			);
			name = InfoPlist.strings;
			path = ..;
			sourceTree = "<group>";
		};
/* End PBXVariantGroup section */

/* Begin XCBuildConfiguration section */
		2B62DD7516E7F0BD001F52FC /* Debug */ = {
			isa = XCBuildConfiguration;
			buildSettings = {
				ALWAYS_SEARCH_USER_PATHS = NO;
				CLANG_CXX_LANGUAGE_STANDARD = "gnu++98";
				CLANG_CXX_LIBRARY = "libstdc++";
				CLANG_ENABLE_OBJC_ARC = YES;
				CLANG_WARN_CONSTANT_CONVERSION = YES;
				CLANG_WARN_EMPTY_BODY = YES;
				CLANG_WARN_ENUM_CONVERSION = YES;
				CLANG_WARN_INT_CONVERSION = YES;
				CLANG_WARN__DUPLICATE_METHOD_MATCH = YES;
				"CODE_SIGN_IDENTITY[sdk=iphoneos*]" = "iPhone Developer";
				COPY_PHASE_STRIP = NO;
				GCC_C_LANGUAGE_STANDARD = gnu89;
				GCC_DYNAMIC_NO_PIC = NO;
				GCC_OPTIMIZATION_LEVEL = 0;
				GCC_PREPROCESSOR_DEFINITIONS = (
					"DEBUG=1",
					"$(inherited)",
				);
				GCC_SYMBOLS_PRIVATE_EXTERN = NO;
				GCC_WARN_ABOUT_RETURN_TYPE = YES;
				GCC_WARN_UNINITIALIZED_AUTOS = YES;
				GCC_WARN_UNUSED_VARIABLE = YES;
				IPHONEOS_DEPLOYMENT_TARGET = 6.1;
				ONLY_ACTIVE_ARCH = YES;
				OTHER_LDFLAGS = "-lstdc++";
				SDKROOT = iphoneos;
				TARGETED_DEVICE_FAMILY = "1,2";
			};
			name = Debug;
		};
		2B62DD7616E7F0BD001F52FC /* Release */ = {
			isa = XCBuildConfiguration;
			buildSettings = {
				ALWAYS_SEARCH_USER_PATHS = NO;
				CLANG_CXX_LANGUAGE_STANDARD = "gnu++98";
				CLANG_CXX_LIBRARY = "libstdc++";
				CLANG_ENABLE_OBJC_ARC = YES;
				CLANG_WARN_CONSTANT_CONVERSION = YES;
				CLANG_WARN_EMPTY_BODY = YES;
				CLANG_WARN_ENUM_CONVERSION = YES;
				CLANG_WARN_INT_CONVERSION = YES;
				CLANG_WARN__DUPLICATE_METHOD_MATCH = YES;
				"CODE_SIGN_IDENTITY[sdk=iphoneos*]" = "iPhone Developer";
				COPY_PHASE_STRIP = YES;
				GCC_C_LANGUAGE_STANDARD = gnu89;
				GCC_WARN_ABOUT_RETURN_TYPE = YES;
				GCC_WARN_UNINITIALIZED_AUTOS = YES;
				GCC_WARN_UNUSED_VARIABLE = YES;
				IPHONEOS_DEPLOYMENT_TARGET = 6.1;
				OTHER_CFLAGS = "-DNS_BLOCK_ASSERTIONS=1";
				OTHER_LDFLAGS = "-lstdc++";
				SDKROOT = iphoneos;
				TARGETED_DEVICE_FAMILY = "1,2";
				VALIDATE_PRODUCT = YES;
			};
			name = Release;
		};
		2B62DD7816E7F0BD001F52FC /* Debug */ = {
			isa = XCBuildConfiguration;
			buildSettings = {
				ASSETCATALOG_COMPILER_APPICON_NAME = AppIcon;
				ASSETCATALOG_COMPILER_LAUNCHIMAGE_NAME = LaunchImage;
				CLANG_CXX_LANGUAGE_STANDARD = "gnu++98";
				CLANG_CXX_LIBRARY = "libstdc++";
				CODE_SIGN_IDENTITY = "iPhone Developer";
				GCC_C_LANGUAGE_STANDARD = gnu89;
				GCC_PRECOMPILE_PREFIX_HEADER = YES;
				GCC_PREFIX_HEADER = "MXTides/MXTides-Prefix.pch";
				HEADER_SEARCH_PATHS = (
					"$(inherited)",
					/Applications/Xcode.app/Contents/Developer/Toolchains/XcodeDefault.xctoolchain/usr/include,
					"\"$(SRCROOT)/../WhirlyGlobe/WhirlyGlobeSrc/WhirlyGlobe-MaplyComponent/include\"",
				);
				INFOPLIST_FILE = "$(SRCROOT)/MXTides/MXTides-Info.plist";
				IPHONEOS_DEPLOYMENT_TARGET = 6.1;
				LIBRARY_SEARCH_PATHS = (
					"$(inherited)",
					"/Users/williamkamp/Documents/workspace-ios/MXTides/TestFlightSDK2.0.2",
					"$(USER_LIBRARY_DIR)/Developer/Xcode/DerivedData/MXTides-amrhzqjscyuugcgmsbsuireuamsu/Build/Products/Debug-iphoneos",
				);
				OTHER_LDFLAGS = "-lstdc++";
				PRODUCT_NAME = "MX Tides";
				TARGETED_DEVICE_FAMILY = 1;
				VALID_ARCHS = "armv7 armv7s arm64";
				"VALID_ARCHS[sdk=*]" = "armv7 armv7s arm64";
				WRAPPER_EXTENSION = app;
			};
			name = Debug;
		};
		2B62DD7916E7F0BD001F52FC /* Release */ = {
			isa = XCBuildConfiguration;
			buildSettings = {
				ASSETCATALOG_COMPILER_APPICON_NAME = AppIcon;
				ASSETCATALOG_COMPILER_LAUNCHIMAGE_NAME = LaunchImage;
				CLANG_CXX_LANGUAGE_STANDARD = "gnu++98";
				CLANG_CXX_LIBRARY = "libstdc++";
				CODE_SIGN_IDENTITY = "iPhone Developer";
				GCC_C_LANGUAGE_STANDARD = gnu89;
				GCC_PRECOMPILE_PREFIX_HEADER = YES;
				GCC_PREFIX_HEADER = "MXTides/MXTides-Prefix.pch";
				HEADER_SEARCH_PATHS = (
					"$(inherited)",
					/Applications/Xcode.app/Contents/Developer/Toolchains/XcodeDefault.xctoolchain/usr/include,
					"\"$(SRCROOT)/../WhirlyGlobe/WhirlyGlobeSrc/WhirlyGlobe-MaplyComponent/include\"",
				);
				INFOPLIST_FILE = "$(SRCROOT)/MXTides/MXTides-Info.plist";
				IPHONEOS_DEPLOYMENT_TARGET = 6.1;
				LIBRARY_SEARCH_PATHS = (
					"$(inherited)",
					"/Users/williamkamp/Documents/workspace-ios/MXTides/TestFlightSDK2.0.2",
					"$(USER_LIBRARY_DIR)/Developer/Xcode/DerivedData/MXTides-amrhzqjscyuugcgmsbsuireuamsu/Build/Products/Debug-iphoneos",
				);
				OTHER_LDFLAGS = "-lstdc++";
				PRODUCT_NAME = "MX Tides";
				TARGETED_DEVICE_FAMILY = 1;
				VALID_ARCHS = "armv7 armv7s arm64";
				WRAPPER_EXTENSION = app;
			};
			name = Release;
		};
/* End XCBuildConfiguration section */

/* Begin XCConfigurationList section */
		2B62DD5516E7F0BC001F52FC /* Build configuration list for PBXProject "MXTides" */ = {
			isa = XCConfigurationList;
			buildConfigurations = (
				2B62DD7516E7F0BD001F52FC /* Debug */,
				2B62DD7616E7F0BD001F52FC /* Release */,
			);
			defaultConfigurationIsVisible = 0;
			defaultConfigurationName = Release;
		};
		2B62DD7716E7F0BD001F52FC /* Build configuration list for PBXNativeTarget "MXTides" */ = {
			isa = XCConfigurationList;
			buildConfigurations = (
				2B62DD7816E7F0BD001F52FC /* Debug */,
				2B62DD7916E7F0BD001F52FC /* Release */,
			);
			defaultConfigurationIsVisible = 0;
			defaultConfigurationName = Release;
		};
/* End XCConfigurationList section */
	};
	rootObject = 2B62DD5216E7F0BC001F52FC /* Project object */;
}
